
Microsoft Visual Studio Solution File, Format Version 12.00
# Visual Studio Version 17
VisualStudioVersion = 17.11.35222.181
MinimumVisualStudioVersion = 10.0.40219.1
Project("{FAE04EC0-301F-11D3-BF4B-00C04F79EFBC}") = "eCommerce.API", "eCommerce.API\eCommerce.API.csproj", "{97EC9837-D217-4698-81CC-23AD79C90EB2}"
EndProject
Project("{FAE04EC0-301F-11D3-BF4B-00C04F79EFBC}") = "eCommerce.Infrastructure", "eCommerce.Infrastructure\eCommerce.Infrastructure.csproj", "{9E3721DF-98EF-482F-92AA-1193C98AFF99}"
EndProject
Project("{FAE04EC0-301F-11D3-BF4B-00C04F79EFBC}") = "eCommerce.Core", "eCommerce.Core\eCommerce.Core.csproj", "{6C72D206-6900-4EE9-8108-F07935EE71B1}"
EndProject
Global
	GlobalSection(SolutionConfigurationPlatforms) = preSolution
		Debug|Any CPU = Debug|Any CPU
		Release|Any CPU = Release|Any CPU
	EndGlobalSection
	GlobalSection(ProjectConfigurationPlatforms) = postSolution
		{97EC9837-D217-4698-81CC-23AD79C90EB2}.Debug|Any CPU.ActiveCfg = Debug|Any CPU
		{97EC9837-D217-4698-81CC-23AD79C90EB2}.Debug|Any CPU.Build.0 = Debug|Any CPU
		{97EC9837-D217-4698-81CC-23AD79C90EB2}.Release|Any CPU.ActiveCfg = Release|Any CPU
		{97EC9837-D217-4698-81CC-23AD79C90EB2}.Release|Any CPU.Build.0 = Release|Any CPU
		{9E3721DF-98EF-482F-92AA-1193C98AFF99}.Debug|Any CPU.ActiveCfg = Debug|Any CPU
		{9E3721DF-98EF-482F-92AA-1193C98AFF99}.Debug|Any CPU.Build.0 = Debug|Any CPU
		{9E3721DF-98EF-482F-92AA-1193C98AFF99}.Release|Any CPU.ActiveCfg = Release|Any CPU
		{9E3721DF-98EF-482F-92AA-1193C98AFF99}.Release|Any CPU.Build.0 = Release|Any CPU
		{6C72D206-6900-4EE9-8108-F07935EE71B1}.Debug|Any CPU.ActiveCfg = Debug|Any CPU
		{6C72D206-6900-4EE9-8108-F07935EE71B1}.Debug|Any CPU.Build.0 = Debug|Any CPU
		{6C72D206-6900-4EE9-8108-F07935EE71B1}.Release|Any CPU.ActiveCfg = Release|Any CPU
		{6C72D206-6900-4EE9-8108-F07935EE71B1}.Release|Any CPU.Build.0 = Release|Any CPU
	EndGlobalSection
	GlobalSection(SolutionProperties) = preSolution
		HideSolutionNode = FALSE
	EndGlobalSection
	GlobalSection(ExtensibilityGlobals) = postSolution
		SolutionGuid = {C6C87CA6-41A5-4D1A-8BA3-ED854DDB0BC0}
	EndGlobalSection
EndGlobal
